version = 1
revision = 3
requires-python = ">=3.12, <3.14"

[manifest]
members = [
    "ball-tracking",
    "combined-tracking",
    "robocup-testing",
    "tag-tracking",
    "vision-core",
]

[[package]]
name = "ball-tracking"
version = "0.1.0"
source = { editable = "ball-tracking" }
dependencies = [
    { name = "numpy" },
    { name = "opencv-python" },
    { name = "vision-core" },
]

[package.metadata]
requires-dist = [
    { name = "numpy", specifier = ">=2.5.3" },
    { name = "opencv-python", specifier = ">=5.0.0.93" },
    { name = "vision-core", editable = "vision-core" },
]

[[package]]
name = "cffi"
version = "2.1.1"
source = { registry = "https://pypi.org/simple" }
dependencies = [
    { name = "pycparser" },
]
sdist = { url = "https://files.pythonhosted.org/packages/9e/ef/008a1939e372c06329a3fce4279c02f328488f3526744906eeec3da7ad5f/cffi-2.1.1.tar.gz", hash = "sha256:dd31f52ea1086513bb9df30f8fcee9b8918323ae067a3d5b78bc826a000712be", size = 530807, upload-time = "2026-08-03T21:21:18.939Z" }
wheels = [
    { url = "https://files.pythonhosted.org/packages/10/69/43965eccfdead3b9220015fd1320e117be8c6ed01a62ffab76eeb752f5d5/cffi-2.1.1-cp312-cp312-macosx_10_15_x86_64.whl", hash = "sha256:c8c69575568085ba0b1b10c0249d779a214aea6f6522e949a0fc9fb0fcb449d0", size = 184821, upload-time = "2026-08-03T21:19:44.887Z" },
    { url = "https://files.pythonhosted.org/packages/54/7d/16e5a096677b5e313ca80cd5e5170efa3ea44624a82bb111925522da64b1/cffi-2.1.1-cp312-cp312-macosx_11_0_arm64.whl", hash = "sha256:f81b3b8f3d4e343550fa4baa0e479bba9f2d29ce9c2e9b51d1ce1718d7442fcf", size = 184719, upload-time = "2026-08-03T21:19:46.129Z" },
    { url = "https://files.pythonhosted.org/packages/56/e6/8941622732edec876dd17d0453dce07317ae96db34f2ec1436c9d3785986/cffi-2.1.1-cp312-cp312-manylinux1_i686.manylinux2014_i686.manylinux_2_17_i686.manylinux_2_5_i686.whl", hash = "sha256:811bd1e21d32de12efca32393a0ab3f5133b54fce9bd44b8bd77ab07da14bf6a", size = 214799, upload-time = "2026-08-03T21:19:47.218Z" },
    { url = "https://files.pythonhosted.org/packages/44/de/f98430906df1545ffde0d543dd124a7a439bc2cd32b36b9c53f805df7333/cffi-2.1.1-cp312-cp312-manylinux2014_aarch64.manylinux_2_17_aarch64.whl", hash = "sha256:68e62fe11f30d5ca8289242866f0a5291402d8529ca2178ab8afc5c9694ae890", size = 222389, upload-time = "2026-08-03T21:19:48.331Z" },
    { url = "https://files.pythonhosted.org/packages/6a/5b/717f1526b9957b34456313c31645c5b82b8fb5c3fe9e4752999be7128bfc/cffi-2.1.1-cp312-cp312-manylinux2014_ppc64le.manylinux_2_17_ppc64le.whl", hash = "sha256:4a7c934f7360e8cd64fe9efadcbd10c7c6364f531e432b9a4bf5ccbc9e0e8b50", size = 210249, upload-time = "2026-08-03T21:19:49.543Z" },
    { url = "https://files.pythonhosted.org/packages/64/b3/f8aa4f3e34986c7e4ec45072d1b1b9dd295b6b18007b45518d79726dd725/cffi-2.1.1-cp312-cp312-manylinux2014_s390x.manylinux_2_17_s390x.whl", hash = "sha256:3143d81e29e1e20a9ce10901ec369012947876596f75a222235965f2b7ae832e", size = 208775, upload-time = "2026-08-03T21:19:50.918Z" },
    { url = "https://files.pythonhosted.org/packages/b1/db/dceb9dd5b231e1da801793f8acc9f3c52a7e1afe40bb1aae37e02b0faad5/cffi-2.1.1-cp312-cp312-manylinux2014_x86_64.manylinux_2_17_x86_64.whl", hash = "sha256:c1453022f490d2459a11819d83ad1d586e9ff65a12ac3e705ffebd46d3685dcf", size = 221822, upload-time = "2026-08-03T21:19:52.054Z" },
    { url = "https://files.pythonhosted.org/packages/a0/d2/6cd24ae3be000a634109c247d1475d62e5616d0dc78c82770942ec384248/cffi-2.1.1-cp312-cp312-musllinux_1_2_aarch64.whl", hash = "sha256:208f941bb9d18e768138677f0a6d2ce01f590df56043dda1df1535ac57c88517", size = 225232, upload-time = "2026-08-03T21:19:53.109Z" },
    { url = "https://files.pythonhosted.org/packages/cb/52/3fa190537004dd7f0ab860a6dc7c0175b8667f68d1e618a46f5498d30250/cffi-2.1.1-cp312-cp312-musllinux_1_2_x86_64.whl", hash = "sha256:210019b6c7cf07f081b4c54635c8cf744377001350e29cc0f81c4377b4797735", size = 223597, upload-time = "2026-08-03T21:19:54.515Z" },
    { url = "https://files.pythonhosted.org/packages/80/fb/0bb75b7039588c074b37ae99f40d9bfddf990ecb2fbc346ebccd2e56b9be/cffi-2.1.1-cp312-cp312-win32.whl", hash = "sha256:046bfc24911b37851ee1b51aab8bffe713d89c68c6a057b09484ce9fd5f69b4e", size = 175292, upload-time = "2026-08-03T21:19:55.566Z" },
    { url = "https://files.pythonhosted.org/packages/d9/79/615cc094e2fb508cade7de88d3b4f6c4ec2bab695c97bce9153dc65aadf5/cffi-2.1.1-cp312-cp312-win_amd64.whl", hash = "sha256:f53e442b08449d42821fa4a4fba000095af9f62742a500f978a9f557ec44339a", size = 185919, upload-time = "2026-08-03T21:19:56.89Z" },
    { url = "https://files.pythonhosted.org/packages/70/c6/d0ea84713fe46b243a436a18fcd47d639732747e21635c8a27191b06dc30/cffi-2.1.1-cp312-cp312-win_arm64.whl", hash = "sha256:7bde5e4cc5c10140859842b9d383af292b22639a4dffb725314baf45968cef80", size = 180093, upload-time = "2026-08-03T21:19:58.155Z" },
    { url = "https://files.pythonhosted.org/packages/9d/f4/035513d4117049066b4779dc3b7c0c0fdad175fa13731c9f4003f1cd1478/cffi-2.1.1-cp313-cp313-ios_13_0_arm64_iphoneos.whl", hash = "sha256:b5bdfd1c873d4e093aabc0ca84c4ca6dbc4f752afb5c86f146d9742580c9da2e", size = 194248, upload-time = "2026-08-03T21:19:59.399Z" },
    { url = "https://files.pythonhosted.org/packages/76/af/2aeb4dbb5fc41a04161ae9ff1518de7cec08e164f44a8ce6a4cf7fd2cd1d/cffi-2.1.1-cp313-cp313-ios_13_0_arm64_iphonesimulator.whl", hash = "sha256:31348097ff5bbe827ccc41795d4dd099d9f0625e7def00ee653c137a490c2a6c", size = 196908, upload-time = "2026-08-03T21:20:00.746Z" },
    { url = "https://files.pythonhosted.org/packages/a7/46/2e5fdde8555706dd98139a910ca11be02809f3f605ce956f655d0214e100/cffi-2.1.1-cp313-cp313-macosx_10_15_x86_64.whl", hash = "sha256:9d2055050ea716bd38b7f7f1579c275386646b4894c155a3e2f3cd62ed41b7c6", size = 184805, upload-time = "2026-08-03T21:20:02.02Z" },
    { url = "https://files.pythonhosted.org/packages/55/41/4c7042f317b9217502988f0873af87e16ad606dc20f84e546e3e6ce9764c/cffi-2.1.1-cp313-cp313-macosx_11_0_arm64.whl", hash = "sha256:19ee6127ee34de7d83ce3d371ebc5ed91addbdcc39f9ab15ce4eb35a4e534971", size = 184764, upload-time = "2026-08-03T21:20:03.141Z" },
    { url = "https://files.pythonhosted.org/packages/43/1f/1c3d90d91811c8f86ced9ed637956c54bfe5b79ca98fe976d7f8c8979f6b/cffi-2.1.1-cp313-cp313-manylinux1_i686.manylinux2014_i686.manylinux_2_17_i686.manylinux_2_5_i686.whl", hash = "sha256:6a8dddef476fab96d066d578fc88526767b836ab5ab21754e1d5bf3879c31c7c", size = 214722, upload-time = "2026-08-03T21:20:04.377Z" },
    { url = "https://files.pythonhosted.org/packages/37/6f/3b5ce4c3b2192d250f04908f2bfd91ef34552ec8f7716a5d4abdb8d67bb2/cffi-2.1.1-cp313-cp313-manylinux2014_aarch64.manylinux_2_17_aarch64.whl", hash = "sha256:f16c709686a78c727bbbf059f92b0bf41c6fc60deec706d2dc19f529175a6125", size = 222369, upload-time = "2026-08-03T21:20:05.544Z" },
    { url = "https://files.pythonhosted.org/packages/02/10/4b3c75dde3d9663c9e02ba05c2668b954f671d4bbe346413ca8c696b295a/cffi-2.1.1-cp313-cp313-manylinux2014_ppc64le.manylinux_2_17_ppc64le.whl", hash = "sha256:fcd22650c908d7b7da162bbfaab594a1227a15d1643a98c68b122ac642fa2264", size = 210175, upload-time = "2026-08-03T21:20:06.75Z" },
    { url = "https://files.pythonhosted.org/packages/df/62/14f74b9543e605d17701dc797b815958b8bb70b7624ce1b832ddad48ed6c/cffi-2.1.1-cp313-cp313-manylinux2014_s390x.manylinux_2_17_s390x.whl", hash = "sha256:aa9511c62d14da7aacc9b4bf51f3f697a621e83b2d6919008243c3aad168eea3", size = 208670, upload-time = "2026-08-03T21:20:08.04Z" },
    { url = "https://files.pythonhosted.org/packages/95/95/86342356ff5953b3fb06f7ef7c5bee212d45e770abc7218d451b9148313c/cffi-2.1.1-cp313-cp313-manylinux2014_x86_64.manylinux_2_17_x86_64.whl", hash = "sha256:a931079504ecc49efed7744c476a5c343a92fabf66dec2db95edb1b2fdc770e2", size = 221824, upload-time = "2026-08-03T21:20:09.274Z" },
    { url = "https://files.pythonhosted.org/packages/eb/ff/7b3429ff53aafe931ed8a5fc69f481bbef7ba6de87ddcbb63d08f483f613/cffi-2.1.1-cp313-cp313-musllinux_1_2_aarch64.whl", hash = "sha256:a2d7755bef5a12ed488f4ef1f1b69ee9191d7396083b755a5d2295f6edb4768b", size = 225148, upload-time = "2026-08-03T21:20:10.7Z" },
    { url = "https://files.pythonhosted.org/packages/34/34/a95870b9221e09cf4f2ce3178b1a210abdfe63a1bd357da940418d7b8d15/cffi-2.1.1-cp313-cp313-musllinux_1_2_x86_64.whl", hash = "sha256:e0bcb7e0f677f543555d2adff3bf19c05f66cdb4796e5ff602442ab2fe3c4ef7", size = 223564, upload-time = "2026-08-03T21:20:12.165Z" },
    { url = "https://files.pythonhosted.org/packages/70/ea/839b50531021a647fb5e929f72cf97bc1ff702b5472166164b5b6e76b851/cffi-2.1.1-cp313-cp313-win32.whl", hash = "sha256:334644fbac4eff73d985a17a91226df55d0f394160c4cfb880e084c8f7161cac", size = 175263, upload-time = "2026-08-03T21:20:13.559Z" },
    { url = "https://files.pythonhosted.org/packages/60/a6/8b149b2c3f2e11aaa1618ef64500b45f50f22c57a977a4dff1aff1f91042/cffi-2.1.1-cp313-cp313-win_amd64.whl", hash = "sha256:1aa5645c30469b09530c4ebca77ebf8f17618293c58f8549cb1a543a50236e7d", size = 185688, upload-time = "2026-08-03T21:20:14.69Z" },
    { url = "https://files.pythonhosted.org/packages/01/9a/11f687cb39d6a3504060d5242f04f48c735afb4d3d533958a20594890cb2/cffi-2.1.1-cp313-cp313-win_arm64.whl", hash = "sha256:63bbfd5ded17c4840ac07cd8f1c21ba9d9708141f840b324f422f41b207e3973", size = 180078, upload-time = "2026-08-03T21:20:15.917Z" },
]

[[package]]
name = "combined-tracking"
version = "0.1.0"
source = { editable = "combined-tracking" }
dependencies = [
    { name = "ball-tracking" },
    { name = "numpy" },
    { name = "opencv-python" },
    { name = "pupil-apriltags" },
    { name = "tag-tracking" },
    { name = "vision-core" },
]

[package.optional-dependencies]
zmq = [
    { name = "pyzmq" },
]

[package.metadata]
requires-dist = [
    { name = "ball-tracking", editable = "ball-tracking" },
    { name = "numpy", specifier = ">=2.5.3" },
    { name = "opencv-python", specifier = ">=5.0.0.93" },
    { name = "pupil-apriltags", specifier = ">=1.0.4.post11" },
    { name = "pyzmq", marker = "extra == 'zmq'", specifier = ">=27.2.0" },
    { name = "tag-tracking", editable = "tag-tracking" },
    { name = "vision-core", editable = "vision-core" },
]
provides-extras = ["zmq"]

[[package]]
name = "numpy"
version = "2.5.3"
source = { registry = "https://pypi.org/simple" }
sdist = { url = "https://files.pythonhosted.org/packages/13/01/11703282db468b85f6f7b8c7f22d058de5970d5c7e60a3a8aaa313c3de36/numpy-2.5.3.tar.gz", hash = "sha256:df2d5874ff183595a4ba404edd04f6bd9b5505c1d7708573f6a6c17489a67563", size = 20791231, upload-time = "2026-09-06T16:27:47.073Z" }
wheels = [
    { url = "https://files.pythonhosted.org/packages/d6/50/8fdbb16af64895706a45f06a4068e29db732ec180f3c1375f14123359138/numpy-2.5.3-cp312-cp312-macosx_10_13_x86_64.whl", hash = "sha256:cb189f09db39283b26bfd061ec16189e14f71c6755207f72a0f7540867afe5b9", size = 16994982, upload-time = "2026-09-06T16:24:29.244Z" },
    { url = "https://files.pythonhosted.org/packages/60/39/789131c1188c078dcb3a1692e72e1e050c68b88ffe72c9ccaac9bcd7a9cd/numpy-2.5.3-cp312-cp312-macosx_11_0_arm64.whl", hash = "sha256:f59a878c33d6b88122d80d239bb3b845d58708750b0cb06a09aebb9b18ec696c", size = 12009327, upload-time = "2026-09-06T16:24:32.491Z" },
    { url = "https://files.pythonhosted.org/packages/9c/59/a312e95696e5f601914dd8b6dd844692ba61670807417e24b68e337b5c70/numpy-2.5.3-cp312-cp312-macosx_14_0_arm64.whl", hash = "sha256:a72f874bc9e10e4b8f80426fb49716d5141f64442a0c8418065093ec8017fbb0", size = 5445405, upload-time = "2026-09-06T16:24:35.071Z" },
    { url = "https://files.pythonhosted.org/packages/30/d0/5623a1707ed4fe16e3909fe3cf5ee3da004ae677ad23d83bbf3adf1a6faf/numpy-2.5.3-cp312-cp312-macosx_14_0_x86_64.whl", hash = "sha256:fc36dc566135b5eceec4cf89758fcb719266a019ef07dae1754ae7c9f617ef3e", size = 6783213, upload-time = "2026-09-06T16:24:37.253Z" },
    { url = "https://files.pythonhosted.org/packages/f1/32/84146fc020ad3c25f805f70ab60da46fe3c540a21369754a7e4369754b6f/numpy-2.5.3-cp312-cp312-manylinux_2_27_aarch64.manylinux_2_28_aarch64.whl", hash = "sha256:76c2c1e6bfa5c84adc6434dfbf013aa92096a7985221762c8f11fedfd20fff58", size = 15687872, upload-time = "2026-09-06T16:24:39.751Z" },
    { url = "https://files.pythonhosted.org/packages/65/af/aa78d1a88805456e212b65461354cd943197fb9acecc4c90fd12295123a3/numpy-2.5.3-cp312-cp312-manylinux_2_27_x86_64.manylinux_2_28_x86_64.whl", hash = "sha256:b7e18c623bb5c95acb3b3328861272816ba199fb531921c5d6d0b675f1fde9e3", size = 16717410, upload-time = "2026-09-06T16:24:42.745Z" },
    { url = "https://files.pythonhosted.org/packages/3b/24/faa79d865e69a97ba17473b23a1b74094b2259c03e820c70297293b9ea49/numpy-2.5.3-cp312-cp312-musllinux_1_2_aarch64.whl", hash = "sha256:4f8929ee6c96bfbd7b4ed2032e0c03af86fe1826740ab61ddabf9072d06e57ff", size = 17040975, upload-time = "2026-09-06T16:24:45.961Z" },
    { url = "https://files.pythonhosted.org/packages/62/4a/8877e629445a7176297dffcaf9c485faa96a95d81728a62521ad55bd4c0f/numpy-2.5.3-cp312-cp312-musllinux_1_2_x86_64.whl", hash = "sha256:b5d93cf48f687479941d12b69c873ad2cc76bbd487f0091c2200636497f34034", size = 18476479, upload-time = "2026-09-06T16:24:49.35Z" },
    { url = "https://files.pythonhosted.org/packages/c8/db/35e1c2d38b04cbd5b731f9d71495e055e813197669d22b612f11748d2ff9/numpy-2.5.3-cp312-cp312-win32.whl", hash = "sha256:bf63afbe037eb5d2fe87fbcc7778e61da53ebaf21d938a4515aa73b62532a5d4", size = 6133378, upload-time = "2026-09-06T16:24:51.915Z" },
    { url = "https://files.pythonhosted.org/packages/3c/a1/accf6d4f0c80c5d9ba9735d6b1550e444180599f34dec69ca01360f717ad/numpy-2.5.3-cp312-cp312-win_amd64.whl", hash = "sha256:0a59a421a32580a009e8a1751345bf829631b990dc1794b80514ab722b435def", size = 12567828, upload-time = "2026-09-06T16:24:54.255Z" },
    { url = "https://files.pythonhosted.org/packages/22/43/1764aff32e4652526ae2f71fa8b3efd8d25c8a3d6926914454e47138ed1e/numpy-2.5.3-cp312-cp312-win_arm64.whl", hash = "sha256:ccb32e0525d29e8b0572eb84c9a57af0e7a4e615726927506f55063c62414034", size = 10485432, upload-time = "2026-09-06T16:24:57.278Z" },
    { url = "https://files.pythonhosted.org/packages/79/e5/8fb89cd46d14e35699d13bf943a5f5f441ecee8667120a1f6105ab89e349/numpy-2.5.3-cp313-cp313-macosx_10_13_x86_64.whl", hash = "sha256:66a78fe4556c60aceda5916f9eacd638b18e9e681016ec302dcb4682d6d4d034", size = 16991061, upload-time = "2026-09-06T16:25:00.411Z" },
    { url = "https://files.pythonhosted.org/packages/2f/06/9dc9e48b5e5e941c8b10350c5ff2d721da42a20517d911d15544246775ff/numpy-2.5.3-cp313-cp313-macosx_11_0_arm64.whl", hash = "sha256:92f30e89b8ee0ecf363033576c422b2f58fed6a80bed0aa48dff6d14c654663e", size = 12003676, upload-time = "2026-09-06T16:25:03.475Z" },
    { url = "https://files.pythonhosted.org/packages/ab/2a/98282aa5b8f58b1157d440bb6282eed47e3632a5de53a714fbab17e659fe/numpy-2.5.3-cp313-cp313-macosx_14_0_arm64.whl", hash = "sha256:f9a2353b37a1a9e78fd82b27ad7e2a32a2d036604d18f02b05e3136c62ca3b09", size = 5439695, upload-time = "2026-09-06T16:25:05.978Z" },
    { url = "https://files.pythonhosted.org/packages/a1/f9/b6533d777be9d6ffd29dc1be0867e563e6e8cc9a220ff1b716adc317f060/numpy-2.5.3-cp313-cp313-macosx_14_0_x86_64.whl", hash = "sha256:ccbc4665079665c3cf3bab4db9f6b095370cd6437d66be549b6c2a1fd19e1958", size = 6779395, upload-time = "2026-09-06T16:25:08.599Z" },
    { url = "https://files.pythonhosted.org/packages/73/85/735720d04ec197c5dcfacdfc9922667c7f1f5f496a279b7ba4d7c74c4cc7/numpy-2.5.3-cp313-cp313-manylinux_2_27_aarch64.manylinux_2_28_aarch64.whl", hash = "sha256:c76d5dde9f445058f83d0c02af00557a4db91de9a9a57c0df87d1535001d654b", size = 15681750, upload-time = "2026-09-06T16:25:11.173Z" },
    { url = "https://files.pythonhosted.org/packages/3a/1b/3b16a9bc514a440a7a0883684111dcb1ef1aee960af2ca95da8fc775f124/numpy-2.5.3-cp313-cp313-manylinux_2_27_x86_64.manylinux_2_28_x86_64.whl", hash = "sha256:a5fa86b80fd24bcd1aff83ad23be44ea323de3f787be8f8b15d4a65621e25321", size = 16708577, upload-time = "2026-09-06T16:25:14.171Z" },
    { url = "https://files.pythonhosted.org/packages/69/c4/386f397831b07328b639c96c5b62719346cf4baf07c68d927239752b1534/numpy-2.5.3-cp313-cp313-musllinux_1_2_aarch64.whl", hash = "sha256:bd4cb9ad3c7889b9b3fe0a9a9fb5d2ed26f9879bff2608d9f01aed147a20d231", size = 17042047, upload-time = "2026-09-06T16:25:17.582Z" },
    { url = "https://files.pythonhosted.org/packages/5f/3e/a700ecbf36e85ae8328fd3b0e12eeddc22ed6358a64cb2bd913e0d195d65/numpy-2.5.3-cp313-cp313-musllinux_1_2_x86_64.whl", hash = "sha256:1302b90c0e52281681b2975adfe8a860cb7b12216a27b4b0b4207c44bf7bccf0", size = 18465724, upload-time = "2026-09-06T16:25:20.949Z" },
    { url = "https://files.pythonhosted.org/packages/41/ee/38e785e88a4045f6ad1d1f2808dcdfafdca48c760260c0587bf171e29fc9/numpy-2.5.3-cp313-cp313-win32.whl", hash = "sha256:1c80eabb4035ecf4ca9cd49cde8a9fdd69a729e63e6474887d1523ade7aa277f", size = 6129003, upload-time = "2026-09-06T16:25:23.664Z" },
    { url = "https://files.pythonhosted.org/packages/f3/ec/100f2b1794ede74a9b3d7ec6b9736927f56713414c1dfe19ab6c383494bf/numpy-2.5.3-cp313-cp313-win_amd64.whl", hash = "sha256:71cad2b2a7451ab79d8f5e71b453485b6775963d5cf794179144a7463fe6e8ec", size = 12560965, upload-time = "2026-09-06T16:25:26.602Z" },
    { url = "https://files.pythonhosted.org/packages/80/b1/7dc825ca94c12acebbce4c37caa5e198695eb31424bc579679f32b1bb49d/numpy-2.5.3-cp313-cp313-win_arm64.whl", hash = "sha256:8e4dd766076855b5ff7ea52fa5f07ce26286726e0f8bff446b7739d02e6ea204", size = 10482343, upload-time = "2026-09-06T16:25:29.772Z" },
]

[[package]]
name = "opencv-python"
version = "5.0.0.93"
source = { registry = "https://pypi.org/simple" }
dependencies = [
    { name = "numpy" },
]
sdist = { url = "https://files.pythonhosted.org/packages/79/4c/a438d23e09ce2033c09f7b784ad2fbdb0adf529e434101ed28f142226f98/opencv_python-5.0.0.93.tar.gz", hash = "sha256:66aac3e5b5faa48d4025816592f3af19e4bfc2c68dec067bae2dbb4ca10aa9e2", size = 81802749, upload-time = "2026-07-02T06:59:53.815Z" }
wheels = [
    { url = "https://files.pythonhosted.org/packages/9c/75/76f6ade78f6102c61034f828e2a22616708df2c9504bc8d6af9dd8f73dc5/opencv_python-5.0.0.93-cp37-abi3-macosx_13_0_arm64.whl", hash = "sha256:198a75138241810206a17c829dbcc40a7cb1841cda538ca86cbbfc6c7d95f898", size = 48322443, upload-time = "2026-07-02T05:50:25.466Z" },
    { url = "https://files.pythonhosted.org/packages/15/8c/bc1bda6aae69a32e9d84fc34153ba104cd25226861eb4aea33b2cea4860d/opencv_python-5.0.0.93-cp37-abi3-macosx_14_0_x86_64.whl", hash = "sha256:6bbc32f59e1b1a7db7b39c81f63d00625f041d333037fd8702f6da52cc39108b", size = 34782755, upload-time = "2026-07-02T05:51:30.556Z" },
    { url = "https://files.pythonhosted.org/packages/f4/8a/b04776ec45d2dea08a1b176f1829201db3515d4ed16c35f8fcc9fa7beb16/opencv_python-5.0.0.93-cp37-abi3-manylinux2014_aarch64.manylinux_2_17_aarch64.whl", hash = "sha256:e2b4272e736836f66c2d176e43ab8101f3a00d45654916399f52e150c58981ac", size = 50614064, upload-time = "2026-07-02T06:53:22.604Z" },
    { url = "https://files.pythonhosted.org/packages/95/54/eb47866b94f2b5b42dde17644b78055ef1ee05aae59962c7290e55270803/opencv_python-5.0.0.93-cp37-abi3-manylinux2014_x86_64.manylinux_2_17_x86_64.whl", hash = "sha256:f8b6d0a212253dd26ad338c812f1f23ca118fdf05a9c8c6b9444f161aa8c5881", size = 71064711, upload-time = "2026-07-02T06:54:13.148Z" },
    { url = "https://files.pythonhosted.org/packages/93/da/962579f1e703cbf8c5422fd1f576467dcb3b5b0b0b81c1471c979764353a/opencv_python-5.0.0.93-cp37-abi3-manylinux_2_28_aarch64.whl", hash = "sha256:08d5d91d967b58d6db86073b2ad3eaef88ca4ebdfd45c9059bf59f5ded0c7ad2", size = 49798576, upload-time = "2026-07-02T06:54:33.781Z" },
    { url = "https://files.pythonhosted.org/packages/cf/4c/c73f828fdbcd37eaf21d08fa852544a3ca7c2dbb3ea76873d64f2ea413d1/opencv_python-5.0.0.93-cp37-abi3-manylinux_2_28_x86_64.whl", hash = "sha256:c8de2dec111122a02e8beb28e16c31904992dfd6186560b142a92c71403c1039", size = 73783032, upload-time = "2026-07-02T06:55:03.415Z" },
    { url = "https://files.pythonhosted.org/packages/e2/4b/edaf83b996ca5a1a3d8ccad485706b9c6d4742b13b9c4586bf1c1e7d9423/opencv_python-5.0.0.93-cp37-abi3-win32.whl", hash = "sha256:4b4b1a34c79bf8d3738e3cfe9a9e67b51a79663f6b692cbdad8c31f570da4157", size = 35564734, upload-time = "2026-07-02T05:49:57.704Z" },
    { url = "https://files.pythonhosted.org/packages/21/f0/9fa6e85cb10c8eb36a0222d27e50fe381b86ce49a55446bf39f491727564/opencv_python-5.0.0.93-cp37-abi3-win_amd64.whl", hash = "sha256:f90ba04b8f73bc5c3814037699739f0156f597338a98f05956c684e7c3ca10d2", size = 44000345, upload-time = "2026-07-02T05:49:54.971Z" },
]

[[package]]
name = "pupil-apriltags"
version = "1.0.4.post11"
source = { registry = "https://pypi.org/simple" }
dependencies = [
    { name = "numpy" },
]
sdist = { url = "https://files.pythonhosted.org/packages/b9/d2/06ec5cd9ad9835ebd7e8f28b2a4c808215fca39e180dc4f95f26b98a45e7/pupil_apriltags-1.0.4.post11.tar.gz", hash = "sha256:18980da3d3a341e94401cac341768dd453c992d9f0e19a9e6dfdd5c326ff46c4", size = 1914282, upload-time = "2025-04-22T15:21:10.88Z" }
wheels = [
    { url = "https://files.pythonhosted.org/packages/f0/98/bb4ab70e6799b738008ddb8113f32713fec022c1988878b8381e8b373123/pupil_apriltags-1.0.4.post11-cp312-cp312-macosx_11_0_arm64.whl", hash = "sha256:1b5ebe9262fe07ff16fbdcbbde78e4b04b01e32da2ec148e10d129229a1e225a", size = 7774435, upload-time = "2025-04-22T15:20:43.686Z" },
    { url = "https://files.pythonhosted.org/packages/d4/dd/7c0dc064274a717a8f1306428e6c6bd86d8a285b959fea880351bb0f65db/pupil_apriltags-1.0.4.post11-cp312-cp312-manylinux_2_17_x86_64.manylinux2014_x86_64.whl", hash = "sha256:eb7a4f1228b71dbb94ba26f16ffc6378cf86b6be8ebb7a4b7d3d4a48aa121916", size = 4931854, upload-time = "2025-04-22T15:20:45.222Z" },
    { url = "https://files.pythonhosted.org/packages/d2/15/7dad87bbbdac51e2b7e6ed7c88bbdf4ac638631776a1b67a7ee93fad671b/pupil_apriltags-1.0.4.post11-cp312-cp312-win_amd64.whl", hash = "sha256:9c7401e008a2d0725167a08398764dd9b1a35085aad79e9ae8ea8b2e19f00c1e", size = 2051846, upload-time = "2025-04-22T15:20:46.678Z" },
    { url = "https://files.pythonhosted.org/packages/f9/46/fab76c4dc791ed9c42aff2938c6f5059959034207aa9cbbb584a2d89a0b6/pupil_apriltags-1.0.4.post11-cp313-cp313-macosx_11_0_arm64.whl", hash = "sha256:77d80f00a1c3972af90b2ac68e45dd001e816101ddedd9ce1af764125566c770", size = 7774435, upload-time = "2025-04-22T15:20:40.497Z" },
    { url = "https://files.pythonhosted.org/packages/36/bf/88aa37ba004d782a3c0537f975a36d05a3c7814465a55211d86c22594dc7/pupil_apriltags-1.0.4.post11-cp313-cp313-manylinux_2_17_x86_64.manylinux2014_x86_64.whl", hash = "sha256:e5c46005e61233a44e912921aeddbe8ebf05ffcddadccd798a2f0b02a9524d7c", size = 4931853, upload-time = "2025-04-22T15:20:57.686Z" },
    { url = "https://files.pythonhosted.org/packages/4a/e8/f2d47f7257469570994857d2dc34ba5f8dd14fa2741215c2115333d8b5f9/pupil_apriltags-1.0.4.post11-cp313-cp313-win_amd64.whl", hash = "sha256:ada1154cd64bd86f39edd6bdd72d7371ded80ce2cde4a344d4fda2aab923db28", size = 2051847, upload-time = "2025-04-22T15:20:35.744Z" },
]

[[package]]
name = "pycparser"
version = "3.0"
source = { registry = "https://pypi.org/simple" }
sdist = { url = "https://files.pythonhosted.org/packages/1b/7d/92392ff7815c21062bea51aa7b87d45576f649f16458d78b7cf94b9ab2e6/pycparser-3.0.tar.gz", hash = "sha256:600f49d217304a5902ac3c37e1281c9fe94e4d0489de643a9504c5cdfdfc6b29", size = 103492, upload-time = "2026-01-21T14:26:51.89Z" }
wheels = [
    { url = "https://files.pythonhosted.org/packages/0c/c3/44f3fbbfa403ea2a7c779186dc20772604442dde72947e7d01069cbe98e3/pycparser-3.0-py3-none-any.whl", hash = "sha256:b727414169a36b7d524c1c3e31839a521725078d7b2ff038656844266160a992", size = 48172, upload-time = "2026-01-21T14:26:50.693Z" },
]

[[package]]
name = "pyzmq"
version = "27.2.0"
source = { registry = "https://pypi.org/simple" }
dependencies = [
    { name = "cffi", marker = "implementation_name == 'pypy'" },
]
sdist = { url = "https://files.pythonhosted.org/packages/e7/8d/5b3d5631c2f4b4b8862f64cd0c9eb777b5710eeb5125b4be8dd0a200a4c0/pyzmq-27.2.0.tar.gz", hash = "sha256:54d4259d1bfae24ecdb5ca79f7acc2eac6c286a02d6a0ae617797cb45f0726d3", size = 292316, upload-time = "2026-08-20T19:08:21.19Z" }
wheels = [
    { url = "https://files.pythonhosted.org/packages/57/8a/153532fa53db30e116118164f3af269a1f3966b3e2ba32c89b12fe864bd8/pyzmq-27.2.0-cp312-abi3-macosx_10_15_universal2.whl", hash = "sha256:591c8de5851c5ea372194469fe97587b97c3b641e9a70f31bb3474acbfde0241", size = 1431074, upload-time = "2026-08-20T19:06:40.601Z" },
    { url = "https://files.pythonhosted.org/packages/c8/ef/c08b91248bb90a9efa81fa00ba81b69c157c74d0c5efbb2c319d91babb62/pyzmq-27.2.0-cp312-abi3-manylinux2014_i686.manylinux_2_17_i686.whl", hash = "sha256:00e73942ef12cecbc7951c4a9104bb8ffaed742abb13af2da6833d90dd368cef", size = 973915, upload-time = "2026-08-20T19:06:42.037Z" },
    { url = "https://files.pythonhosted.org/packages/b4/78/a3a3a86c2b00fadb92ece1ca4f8f028d62b2ce9ac3526097239ab2d6fba9/pyzmq-27.2.0-cp312-abi3-manylinux_2_26_aarch64.manylinux_2_28_aarch64.whl", hash = "sha256:1f8079d0521fe94bbb401fe9407578b28f3701627c8be2c9f7e0c5b77dcb0109", size = 697722, upload-time = "2026-08-20T19:06:43.325Z" },
    { url = "https://files.pythonhosted.org/packages/62/2c/d5828306f795e8d34676d266823b74e2101e0ad3760d12083de3e02abbb2/pyzmq-27.2.0-cp312-abi3-manylinux_2_26_x86_64.manylinux_2_28_x86_64.whl", hash = "sha256:dea74fd65f1fc5f7fe167916a473ebe6ed6174e5e5d9de11ea6583661be6cf43", size = 872258, upload-time = "2026-08-20T19:06:44.627Z" },
    { url = "https://files.pythonhosted.org/packages/09/52/51253b78fd8739293e283407eeecb14215c02c71b6519af21f6eed8e69cd/pyzmq-27.2.0-cp312-abi3-manylinux_2_38_riscv64.manylinux_2_39_riscv64.whl", hash = "sha256:dcc99ca132b667a4ed750afd42db4ea73288f18425a9b2e3c0af095665c491f5", size = 739591, upload-time = "2026-08-20T19:06:46.214Z" },
    { url = "https://files.pythonhosted.org/packages/e6/3e/142c85b67a4c9678629b0cf6d5125b29663d75be69bfaa57a3cac344d780/pyzmq-27.2.0-cp312-abi3-musllinux_1_2_aarch64.whl", hash = "sha256:b8d5f66e4a8246cf77f7b8f7902af64f00553368fa0373c89d99b78f0ad79394", size = 1689031, upload-time = "2026-08-20T19:06:47.612Z" },
    { url = "https://files.pythonhosted.org/packages/0e/ee/0776fb0f98ed1eb74d77240087fef0ab045b6ad15cb09555c6c5134c98ad/pyzmq-27.2.0-cp312-abi3-musllinux_1_2_i686.whl", hash = "sha256:d1526b42a2e725b84ed226f37becedc250c6347594e5ed304e4e9aff68c9aec3", size = 2059547, upload-time = "2026-08-20T19:06:49.064Z" },
    { url = "https://files.pythonhosted.org/packages/aa/0e/ec77f691a4aebe29ab6329f996fb0e0270c876a3016086e3ca6ef733bcae/pyzmq-27.2.0-cp312-abi3-musllinux_1_2_x86_64.whl", hash = "sha256:f707bcf2c1d007d14d70531d4dd7b41060881c73efa845580bf6faaf9ea24d42", size = 1910457, upload-time = "2026-08-20T19:06:50.783Z" },
    { url = "https://files.pythonhosted.org/packages/30/97/1f5530ff4fc271b4597048371d5af972c2baab51be132ba15874e0327a6a/pyzmq-27.2.0-cp312-abi3-win32.whl", hash = "sha256:fdaaa4ea3242f6ad298eb5177eb042aea5c73c30e76d20caee7b15af20d24ec2", size = 563450, upload-time = "2026-08-20T19:06:52.307Z" },
    { url = "https://files.pythonhosted.org/packages/02/8b/b83f7780dad22e0878e4c7bd9158ebd24ed12bc3d5e3a471cd0576f77ded/pyzmq-27.2.0-cp312-abi3-win_amd64.whl", hash = "sha256:2c218c6ab8bc447ba62054b581fd30209689d199c6ecb253f79615ca74a38e12", size = 628633, upload-time = "2026-08-20T19:06:53.809Z" },
    { url = "https://files.pythonhosted.org/packages/52/aa/3918b5ac7f9987bd9c421b065074fd7409ded88f856f2c704a24341877ec/pyzmq-27.2.0-cp312-abi3-win_arm64.whl", hash = "sha256:348d6fd3e4b81ae4580622ea8c2ea60224e84b2ac1b3be4482e6edc7de06e7a3", size = 556006, upload-time = "2026-08-20T19:06:55.242Z" },
    { url = "https://files.pythonhosted.org/packages/83/5e/d0541596b48c5a19f85dcbea83d6673d8e91681cdf853eb194c31fc9766e/pyzmq-27.2.0-cp313-cp313-android_24_arm64_v8a.whl", hash = "sha256:c551b9e2f86dc625fcb1a032c0d68042678caf96a8dd7c28796766b673bd5b52", size = 1127193, upload-time = "2026-08-20T19:06:56.545Z" },
    { url = "https://files.pythonhosted.org/packages/50/9f/8c7411bb283982d46e6d56dca6a095678c87eb0398daead12776d9881ac2/pyzmq-27.2.0-cp313-cp313-android_24_x86_64.whl", hash = "sha256:288cc790da0e3064a14a38ddc56ba169dada8c8af4cb86518db2bcbd380eedbb", size = 1166833, upload-time = "2026-08-20T19:06:58.011Z" },
]

[[package]]
name = "robocup-testing"
version = "0.1.0"
source = { virtual = "." }
dependencies = [
    { name = "ball-tracking" },
    { name = "combined-tracking" },
    { name = "tag-tracking" },
    { name = "vision-core" },
]

[package.metadata]
requires-dist = [
    { name = "ball-tracking", editable = "ball-tracking" },
    { name = "combined-tracking", editable = "combined-tracking" },
    { name = "tag-tracking", editable = "tag-tracking" },
    { name = "vision-core", editable = "vision-core" },
]

[[package]]
name = "tag-tracking"
version = "0.1.0"
source = { editable = "tag-tracking" }
dependencies = [
    { name = "numpy" },
    { name = "opencv-python" },
    { name = "pupil-apriltags" },
    { name = "vision-core" },
]

[package.metadata]
requires-dist = [
    { name = "numpy", specifier = ">=2.5.3" },
    { name = "opencv-python", specifier = ">=5.0.0.93" },
    { name = "pupil-apriltags", specifier = ">=1.0.4.post11" },
    { name = "vision-core", editable = "vision-core" },
]

[[package]]
name = "vision-core"
version = "0.1.0"
source = { editable = "vision-core" }
dependencies = [
    { name = "numpy" },
    { name = "opencv-python" },
]

[package.metadata]
requires-dist = [
    { name = "numpy", specifier = ">=2.5.3" },
    { name = "opencv-python", specifier = ">=5.0.0.93" },
]
